
Microsoft Visual Studio Solution File, Format Version 12.00
# Visual Studio Version 16
VisualStudioVersion = 16.0.30002.166
MinimumVisualStudioVersion = 10.0.40219.1
Project("{FAE04EC0-301F-11D3-BF4B-00C04F79EFBC}") = "CipherApp", "CipherApp\CipherApp.csproj", "{44EF045E-3CF8-4A06-A7D4-1680B2771F30}"
EndProject
Global
	GlobalSection(SolutionConfigurationPlatforms) = preSolution
		Debug|Any CPU = Debug|Any CPU
		Release|Any CPU = Release|Any CPU
	EndGlobalSection
	GlobalSection(ProjectConfigurationPlatforms) = postSolution
		{44EF045E-3CF8-4A06-A7D4-1680B2771F30}.Debug|Any CPU.ActiveCfg = Debug|Any CPU
		{44EF045E-3CF8-4A06-A7D4-1680B2771F30}.Debug|Any CPU.Build.0 = Debug|Any CPU
		{44EF045E-3CF8-4A06-A7D4-1680B2771F30}.Release|Any CPU.ActiveCfg = Release|Any CPU
		{44EF045E-3CF8-4A06-A7D4-1680B2771F30}.Release|Any CPU.Build.0 = Release|Any CPU
	EndGlobalSection
	GlobalSection(SolutionProperties) = preSolution
		HideSolutionNode = FALSE
	EndGlobalSection
	GlobalSection(ExtensibilityGlobals) = postSolution
		SolutionGuid = {201B49E5-DB28-4479-B45C-27B0E0C11650}
	EndGlobalSection
EndGlobal
